// !$*UTF8*$!
{
	archiveVersion = 1;
	classes = {
	};
	objectVersion = 48;
	objects = {

/* Begin PBXBuildFile section */
		97AD953020845CF100D9A5C1 /* AppDelegate.swift in Sources */ = {isa = PBXBuildFile; fileRef = 97AD952F20845CF100D9A5C1 /* AppDelegate.swift */; };
		97AD953220845CF100D9A5C1 /* ViewController.swift in Sources */ = {isa = PBXBuildFile; fileRef = 97AD953120845CF100D9A5C1 /* ViewController.swift */; };
		97AD953520845CF100D9A5C1 /* Main.storyboard in Resources */ = {isa = PBXBuildFile; fileRef = 97AD953320845CF100D9A5C1 /* Main.storyboard */; };
		97AD953720845CF100D9A5C1 /* Assets.xcassets in Resources */ = {isa = PBXBuildFile; fileRef = 97AD953620845CF100D9A5C1 /* Assets.xcassets */; };
		97AD953A20845CF100D9A5C1 /* LaunchScreen.storyboard in Resources */ = {isa = PBXBuildFile; fileRef = 97AD953820845CF100D9A5C1 /* LaunchScreen.storyboard */; };
		97AD954520845CF100D9A5C1 /* gitTestTests.swift in Sources */ = {isa = PBXBuildFile; fileRef = 97AD954420845CF100D9A5C1 /* gitTestTests.swift */; };
		97AD955020845CF100D9A5C1 /* gitTestUITests.swift in Sources */ = {isa = PBXBuildFile; fileRef = 97AD954F20845CF100D9A5C1 /* gitTestUITests.swift */; };
/* End PBXBuildFile section */

/* Begin PBXContainerItemProxy section */
		97AD954120845CF100D9A5C1 /* PBXContainerItemProxy */ = {
			isa = PBXContainerItemProxy;
			containerPortal = 97AD952420845CF100D9A5C1 /* Project object */;
			proxyType = 1;
			remoteGlobalIDString = 97AD952B20845CF100D9A5C1;
			remoteInfo = gitTest;
		};
		97AD954C20845CF100D9A5C1 /* PBXContainerItemProxy */ = {
			isa = PBXContainerItemProxy;
			containerPortal = 97AD952420845CF100D9A5C1 /* Project object */;
			proxyType = 1;
			remoteGlobalIDString = 97AD952B20845CF100D9A5C1;
			remoteInfo = gitTest;
		};
/* End PBXContainerItemProxy section */

/* Begin PBXFileReference section */
		97AD952C20845CF100D9A5C1 /* gitTest.app */ = {isa = PBXFileReference; explicitFileType = wrapper.application; includeInIndex = 0; path = gitTest.app; sourceTree = BUILT_PRODUCTS_DIR; };
		97AD952F20845CF100D9A5C1 /* AppDelegate.swift */ = {isa = PBXFileReference; lastKnownFileType = sourcecode.swift; path = AppDelegate.swift; sourceTree = "<group>"; };
		97AD953120845CF100D9A5C1 /* ViewController.swift */ = {isa = PBXFileReference; lastKnownFileType = sourcecode.swift; path = ViewController.swift; sourceTree = "<group>"; };
		97AD953420845CF100D9A5C1 /* Base */ = {isa = PBXFileReference; lastKnownFileType = file.storyboard; name = Base; path = Base.lproj/Main.storyboard; sourceTree = "<group>"; };
		97AD953620845CF100D9A5C1 /* Assets.xcassets */ = {isa = PBXFileReference; lastKnownFileType = folder.assetcatalog; path = Assets.xcassets; sourceTree = "<group>"; };
		97AD953920845CF100D9A5C1 /* Base */ = {isa = PBXFileReference; lastKnownFileType = file.storyboard; name = Base; path = Base.lproj/LaunchScreen.storyboard; sourceTree = "<group>"; };
		97AD953B20845CF100D9A5C1 /* Info.plist */ = {isa = PBXFileReference; lastKnownFileType = text.plist.xml; path = Info.plist; sourceTree = "<group>"; };
		97AD954020845CF100D9A5C1 /* gitTestTests.xctest */ = {isa = PBXFileReference; explicitFileType = wrapper.cfbundle; includeInIndex = 0; path = gitTestTests.xctest; sourceTree = BUILT_PRODUCTS_DIR; };
		97AD954420845CF100D9A5C1 /* gitTestTests.swift */ = {isa = PBXFileReference; lastKnownFileType = sourcecode.swift; path = gitTestTests.swift; sourceTree = "<group>"; };
		97AD954620845CF100D9A5C1 /* Info.plist */ = {isa = PBXFileReference; lastKnownFileType = text.plist.xml; path = Info.plist; sourceTree = "<group>"; };
		97AD954B20845CF100D9A5C1 /* gitTestUITests.xctest */ = {isa = PBXFileReference; explicitFileType = wrapper.cfbundle; includeInIndex = 0; path = gitTestUITests.xctest; sourceTree = BUILT_PRODUCTS_DIR; };
		97AD954F20845CF100D9A5C1 /* gitTestUITests.swift */ = {isa = PBXFileReference; lastKnownFileType = sourcecode.swift; path = gitTestUITests.swift; sourceTree = "<group>"; };
		97AD955120845CF100D9A5C1 /* Info.plist */ = {isa = PBXFileReference; lastKnownFileType = text.plist.xml; path = Info.plist; sourceTree = "<group>"; };
/* End PBXFileReference section */

/* Begin PBXFrameworksBuildPhase section */
		97AD952920845CF100D9A5C1 /* Frameworks */ = {
			isa = PBXFrameworksBuildPhase;
			buildActionMask = 2147483647;
			files = (
			);
			runOnlyForDeploymentPostprocessing = 0;
		};
		97AD953D20845CF100D9A5C1 /* Frameworks */ = {
			isa = PBXFrameworksBuildPhase;
			buildActionMask = 2147483647;
			files = (
			);
			runOnlyForDeploymentPostprocessing = 0;
		};
		97AD954820845CF100D9A5C1 /* Frameworks */ = {
			isa = PBXFrameworksBuildPhase;
			buildActionMask = 2147483647;
			files = (
			);
			runOnlyForDeploymentPostprocessing = 0;
		};
/* End PBXFrameworksBuildPhase section */

/* Begin PBXGroup section */
		97AD952320845CF100D9A5C1 = {
			isa = PBXGroup;
			children = (
				97AD952E20845CF100D9A5C1 /* gitTest */,
				97AD954320845CF100D9A5C1 /* gitTestTests */,
				97AD954E20845CF100D9A5C1 /* gitTestUITests */,
				97AD952D20845CF100D9A5C1 /* Products */,
			);
			sourceTree = "<group>";
		};
		97AD952D20845CF100D9A5C1 /* Products */ = {
			isa = PBXGroup;
			children = (
				97AD952C20845CF100D9A5C1 /* gitTest.app */,
				97AD954020845CF100D9A5C1 /* gitTestTests.xctest */,
				97AD954B20845CF100D9A5C1 /* gitTestUITests.xctest */,
			);
			name = Products;
			sourceTree = "<group>";
		};
		97AD952E20845CF100D9A5C1 /* gitTest */ = {
			isa = PBXGroup;
			children = (
				97AD952F20845CF100D9A5C1 /* AppDelegate.swift */,
				97AD953120845CF100D9A5C1 /* ViewController.swift */,
				97AD953320845CF100D9A5C1 /* Main.storyboard */,
				97AD953620845CF100D9A5C1 /* Assets.xcassets */,
				97AD953820845CF100D9A5C1 /* LaunchScreen.storyboard */,
				97AD953B20845CF100D9A5C1 /* Info.plist */,
			);
			path = gitTest;
			sourceTree = "<group>";
		};
		97AD954320845CF100D9A5C1 /* gitTestTests */ = {
			isa = PBXGroup;
			children = (
				97AD954420845CF100D9A5C1 /* gitTestTests.swift */,
				97AD954620845CF100D9A5C1 /* Info.plist */,
			);
			path = gitTestTests;
			sourceTree = "<group>";
		};
		97AD954E20845CF100D9A5C1 /* gitTestUITests */ = {
			isa = PBXGroup;
			children = (
				97AD954F20845CF100D9A5C1 /* gitTestUITests.swift */,
				97AD955120845CF100D9A5C1 /* Info.plist */,
			);
			path = gitTestUITests;
			sourceTree = "<group>";
		};
/* End PBXGroup section */

/* Begin PBXNativeTarget section */
		97AD952B20845CF100D9A5C1 /* gitTest */ = {
			isa = PBXNativeTarget;
			buildConfigurationList = 97AD955420845CF100D9A5C1 /* Build configuration list for PBXNativeTarget "gitTest" */;
			buildPhases = (
				97AD952820845CF100D9A5C1 /* Sources */,
				97AD952920845CF100D9A5C1 /* Frameworks */,
				97AD952A20845CF100D9A5C1 /* Resources */,
			);
			buildRules = (
			);
			dependencies = (
			);
			name = gitTest;
			productName = gitTest;
			productReference = 97AD952C20845CF100D9A5C1 /* gitTest.app */;
			productType = "com.apple.product-type.application";
		};
		97AD953F20845CF100D9A5C1 /* gitTestTests */ = {
			isa = PBXNativeTarget;
			buildConfigurationList = 97AD955720845CF100D9A5C1 /* Build configuration list for PBXNativeTarget "gitTestTests" */;
			buildPhases = (
				97AD953C20845CF100D9A5C1 /* Sources */,
				97AD953D20845CF100D9A5C1 /* Frameworks */,
				97AD953E20845CF100D9A5C1 /* Resources */,
			);
			buildRules = (
			);
			dependencies = (
				97AD954220845CF100D9A5C1 /* PBXTargetDependency */,
			);
			name = gitTestTests;
			productName = gitTestTests;
			productReference = 97AD954020845CF100D9A5C1 /* gitTestTests.xctest */;
			productType = "com.apple.product-type.bundle.unit-test";
		};
		97AD954A20845CF100D9A5C1 /* gitTestUITests */ = {
			isa = PBXNativeTarget;
			buildConfigurationList = 97AD955A20845CF100D9A5C1 /* Build configuration list for PBXNativeTarget "gitTestUITests" */;
			buildPhases = (
				97AD954720845CF100D9A5C1 /* Sources */,
				97AD954820845CF100D9A5C1 /* Frameworks */,
				97AD954920845CF100D9A5C1 /* Resources */,
			);
			buildRules = (
			);
			dependencies = (
				97AD954D20845CF100D9A5C1 /* PBXTargetDependency */,
			);
			name = gitTestUITests;
			productName = gitTestUITests;
			productReference = 97AD954B20845CF100D9A5C1 /* gitTestUITests.xctest */;
			productType = "com.apple.product-type.bundle.ui-testing";
		};
/* End PBXNativeTarget section */

/* Begin PBXProject section */
		97AD952420845CF100D9A5C1 /* Project object */ = {
			isa = PBXProject;
			attributes = {
				LastSwiftUpdateCheck = 0910;
				LastUpgradeCheck = 0910;
				ORGANIZATIONNAME = "Bihan Mahadewa";
				TargetAttributes = {
					97AD952B20845CF100D9A5C1 = {
						CreatedOnToolsVersion = 9.1;
						ProvisioningStyle = Automatic;
					};
					97AD953F20845CF100D9A5C1 = {
						CreatedOnToolsVersion = 9.1;
						ProvisioningStyle = Automatic;
						TestTargetID = 97AD952B20845CF100D9A5C1;
					};
					97AD954A20845CF100D9A5C1 = {
						CreatedOnToolsVersion = 9.1;
						ProvisioningStyle = Automatic;
						TestTargetID = 97AD952B20845CF100D9A5C1;
					};
				};
			};
			buildConfigurationList = 97AD952720845CF100D9A5C1 /* Build configuration list for PBXProject "gitTest" */;
			compatibilityVersion = "Xcode 8.0";
			developmentRegion = en;
			hasScannedForEncodings = 0;
			knownRegions = (
				en,
				Base,
			);
			mainGroup = 97AD952320845CF100D9A5C1;
			productRefGroup = 97AD952D20845CF100D9A5C1 /* Products */;
			projectDirPath = "";
			projectRoot = "";
			targets = (
				97AD952B20845CF100D9A5C1 /* gitTest */,
				97AD953F20845CF100D9A5C1 /* gitTestTests */,
				97AD954A20845CF100D9A5C1 /* gitTestUITests */,
			);
		};
/* End PBXProject section */

/* Begin PBXResourcesBuildPhase section */
		97AD952A20845CF100D9A5C1 /* Resources */ = {
			isa = PBXResourcesBuildPhase;
			buildActionMask = 2147483647;
			files = (
				97AD953A20845CF100D9A5C1 /* LaunchScreen.storyboard in Resources */,
				97AD953720845CF100D9A5C1 /* Assets.xcassets in Resources */,
				97AD953520845CF100D9A5C1 /* Main.storyboard in Resources */,
			);
			runOnlyForDeploymentPostprocessing = 0;
		};
		97AD953E20845CF100D9A5C1 /* Resources */ = {
			isa = PBXResourcesBuildPhase;
			buildActionMask = 2147483647;
			files = (
			);
			runOnlyForDeploymentPostprocessing = 0;
		};
		97AD954920845CF100D9A5C1 /* Resources */ = {
			isa = PBXResourcesBuildPhase;
			buildActionMask = 2147483647;
			files = (
			);
			runOnlyForDeploymentPostprocessing = 0;
		};
/* End PBXResourcesBuildPhase section */

/* Begin PBXSourcesBuildPhase section */
		97AD952820845CF100D9A5C1 /* Sources */ = {
			isa = PBXSourcesBuildPhase;
			buildActionMask = 2147483647;
			files = (
				97AD953220845CF100D9A5C1 /* ViewController.swift in Sources */,
				97AD953020845CF100D9A5C1 /* AppDelegate.swift in Sources */,
			);
			runOnlyForDeploymentPostprocessing = 0;
		};
		97AD953C20845CF100D9A5C1 /* Sources */ = {
			isa = PBXSourcesBuildPhase;
			buildActionMask = 2147483647;
			files = (
				97AD954520845CF100D9A5C1 /* gitTestTests.swift in Sources */,
			);
			runOnlyForDeploymentPostprocessing = 0;
		};
		97AD954720845CF100D9A5C1 /* Sources */ = {
			isa = PBXSourcesBuildPhase;
			buildActionMask = 2147483647;
			files = (
				97AD955020845CF100D9A5C1 /* gitTestUITests.swift in Sources */,
			);
			runOnlyForDeploymentPostprocessing = 0;
		};
/* End PBXSourcesBuildPhase section */

/* Begin PBXTargetDependency section */
		97AD954220845CF100D9A5C1 /* PBXTargetDependency */ = {
			isa = PBXTargetDependency;
			target = 97AD952B20845CF100D9A5C1 /* gitTest */;
			targetProxy = 97AD954120845CF100D9A5C1 /* PBXContainerItemProxy */;
		};
		97AD954D20845CF100D9A5C1 /* PBXTargetDependency */ = {
			isa = PBXTargetDependency;
			target = 97AD952B20845CF100D9A5C1 /* gitTest */;
			targetProxy = 97AD954C20845CF100D9A5C1 /* PBXContainerItemProxy */;
		};
/* End PBXTargetDependency section */

/* Begin PBXVariantGroup section */
		97AD953320845CF100D9A5C1 /* Main.storyboard */ = {
			isa = PBXVariantGroup;
			children = (
				97AD953420845CF100D9A5C1 /* Base */,
			);
			name = Main.storyboard;
			sourceTree = "<group>";
		};
		97AD953820845CF100D9A5C1 /* LaunchScreen.storyboard */ = {
			isa = PBXVariantGroup;
			children = (
				97AD953920845CF100D9A5C1 /* Base */,
			);
			name = LaunchScreen.storyboard;
			sourceTree = "<group>";
		};
/* End PBXVariantGroup section */

/* Begin XCBuildConfiguration section */
		97AD955220845CF100D9A5C1 /* Debug */ = {
			isa = XCBuildConfiguration;
			buildSettings = {
				ALWAYS_SEARCH_USER_PATHS = NO;
				CLANG_ANALYZER_NONNULL = YES;
				CLANG_ANALYZER_NUMBER_OBJECT_CONVERSION = YES_AGGRESSIVE;
				CLANG_CXX_LANGUAGE_STANDARD = "gnu++14";
				CLANG_CXX_LIBRARY = "libc++";
				CLANG_ENABLE_MODULES = YES;
				CLANG_ENABLE_OBJC_ARC = YES;
				CLANG_WARN_BLOCK_CAPTURE_AUTORELEASING = YES;
				CLANG_WARN_BOOL_CONVERSION = YES;
				CLANG_WARN_COMMA = YES;
				CLANG_WARN_CONSTANT_CONVERSION = YES;
				CLANG_WARN_DIRECT_OBJC_ISA_USAGE = YES_ERROR;
				CLANG_WARN_DOCUMENTATION_COMMENTS = YES;
				CLANG_WARN_EMPTY_BODY = YES;
				CLANG_WARN_ENUM_CONVERSION = YES;
				CLANG_WARN_INFINITE_RECURSION = YES;
				CLANG_WARN_INT_CONVERSION = YES;
				CLANG_WARN_NON_LITERAL_NULL_CONVERSION = YES;
				CLANG_WARN_OBJC_LITERAL_CONVERSION = YES;
				CLANG_WARN_OBJC_ROOT_CLASS = YES_ERROR;
				CLANG_WARN_RANGE_LOOP_ANALYSIS = YES;
				CLANG_WARN_STRICT_PROTOTYPES = YES;
				CLANG_WARN_SUSPICIOUS_MOVE = YES;
				CLANG_WARN_UNGUARDED_AVAILABILITY = YES_AGGRESSIVE;
				CLANG_WARN_UNREACHABLE_CODE = YES;
				CLANG_WARN__DUPLICATE_METHOD_MATCH = YES;
				CODE_SIGN_IDENTITY = "iPhone Developer";
				COPY_PHASE_STRIP = NO;
				DEBUG_INFORMATION_FORMAT = dwarf;
				ENABLE_STRICT_OBJC_MSGSEND = YES;
				ENABLE_TESTABILITY = YES;
				GCC_C_LANGUAGE_STANDARD = gnu11;
				GCC_DYNAMIC_NO_PIC = NO;
				GCC_NO_COMMON_BLOCKS = YES;
				GCC_OPTIMIZATION_LEVEL = 0;
				GCC_PREPROCESSOR_DEFINITIONS = (
					"DEBUG=1",
					"$(inherited)",
				);
				GCC_WARN_64_TO_32_BIT_CONVERSION = YES;
				GCC_WARN_ABOUT_RETURN_TYPE = YES_ERROR;
				GCC_WARN_UNDECLARED_SELECTOR = YES;
				GCC_WARN_UNINITIALIZED_AUTOS = YES_AGGRESSIVE;
				GCC_WARN_UNUSED_FUNCTION = YES;
				GCC_WARN_UNUSED_VARIABLE = YES;
				IPHONEOS_DEPLOYMENT_TARGET = 11.1;
				MTL_ENABLE_DEBUG_INFO = YES;
				ONLY_ACTIVE_ARCH = YES;
				SDKROOT = iphoneos;
				SWIFT_ACTIVE_COMPILATION_CONDITIONS = DEBUG;
				SWIFT_OPTIMIZATION_LEVEL = "-Onone";
			};
			name = Debug;
		};
		97AD955320845CF100D9A5C1 /* Release */ = {
			isa = XCBuildConfiguration;
			buildSettings = {
				ALWAYS_SEARCH_USER_PATHS = NO;
				CLANG_ANALYZER_NONNULL = YES;
				CLANG_ANALYZER_NUMBER_OBJECT_CONVERSION = YES_AGGRESSIVE;
				CLANG_CXX_LANGUAGE_STANDARD = "gnu++14";
				CLANG_CXX_LIBRARY = "libc++";
				CLANG_ENABLE_MODULES = YES;
				CLANG_ENABLE_OBJC_ARC = YES;
				CLANG_WARN_BLOCK_CAPTURE_AUTORELEASING = YES;
				CLANG_WARN_BOOL_CONVERSION = YES;
				CLANG_WARN_COMMA = YES;
				CLANG_WARN_CONSTANT_CONVERSION = YES;
				CLANG_WARN_DIRECT_OBJC_ISA_USAGE = YES_ERROR;
				CLANG_WARN_DOCUMENTATION_COMMENTS = YES;
				CLANG_WARN_EMPTY_BODY = YES;
				CLANG_WARN_ENUM_CONVERSION = YES;
				CLANG_WARN_INFINITE_RECURSION = YES;
				CLANG_WARN_INT_CONVERSION = YES;
				CLANG_WARN_NON_LITERAL_NULL_CONVERSION = YES;
				CLANG_WARN_OBJC_LITERAL_CONVERSION = YES;
				CLANG_WARN_OBJC_ROOT_CLASS = YES_ERROR;
				CLANG_WARN_RANGE_LOOP_ANALYSIS = YES;
				CLANG_WARN_STRICT_PROTOTYPES = YES;
				CLANG_WARN_SUSPICIOUS_MOVE = YES;
				CLANG_WARN_UNGUARDED_AVAILABILITY = YES_AGGRESSIVE;
				CLANG_WARN_UNREACHABLE_CODE = YES;
				CLANG_WARN__DUPLICATE_METHOD_MATCH = YES;
				CODE_SIGN_IDENTITY = "iPhone Developer";
				COPY_PHASE_STRIP = NO;
				DEBUG_INFORMATION_FORMAT = "dwarf-with-dsym";
				ENABLE_NS_ASSERTIONS = NO;
				ENABLE_STRICT_OBJC_MSGSEND = YES;
				GCC_C_LANGUAGE_STANDARD = gnu11;
				GCC_NO_COMMON_BLOCKS = YES;
				GCC_WARN_64_TO_32_BIT_CONVERSION = YES;
				GCC_WARN_ABOUT_RETURN_TYPE = YES_ERROR;
				GCC_WARN_UNDECLARED_SELECTOR = YES;
				GCC_WARN_UNINITIALIZED_AUTOS = YES_AGGRESSIVE;
				GCC_WARN_UNUSED_FUNCTION = YES;
				GCC_WARN_UNUSED_VARIABLE = YES;
				IPHONEOS_DEPLOYMENT_TARGET = 11.1;
				MTL_ENABLE_DEBUG_INFO = NO;
				SDKROOT = iphoneos;
				SWIFT_OPTIMIZATION_LEVEL = "-Owholemodule";
				VALIDATE_PRODUCT = YES;
			};
			name = Release;
		};
		97AD955520845CF100D9A5C1 /* Debug */ = {
			isa = XCBuildConfiguration;
			buildSettings = {
				ASSETCATALOG_COMPILER_APPICON_NAME = AppIcon;
				CODE_SIGN_STYLE = Automatic;
				INFOPLIST_FILE = gitTest/Info.plist;
				LD_RUNPATH_SEARCH_PATHS = "$(inherited) @executable_path/Frameworks";
				PRODUCT_BUNDLE_IDENTIFIER = com.bihan.ios.gitTest;
				PRODUCT_NAME = "$(TARGET_NAME)";
				SWIFT_VERSION = 4.0;
				TARGETED_DEVICE_FAMILY = "1,2";
			};
			name = Debug;
		};
		97AD955620845CF100D9A5C1 /* Release */ = {
			isa = XCBuildConfiguration;
			buildSettings = {
				ASSETCATALOG_COMPILER_APPICON_NAME = AppIcon;
				CODE_SIGN_STYLE = Automatic;
				INFOPLIST_FILE = gitTest/Info.plist;
				LD_RUNPATH_SEARCH_PATHS = "$(inherited) @executable_path/Frameworks";
				PRODUCT_BUNDLE_IDENTIFIER = com.bihan.ios.gitTest;
				PRODUCT_NAME = "$(TARGET_NAME)";
				SWIFT_VERSION = 4.0;
				TARGETED_DEVICE_FAMILY = "1,2";
			};
			name = Release;
		};
		97AD955820845CF100D9A5C1 /* Debug */ = {
			isa = XCBuildConfiguration;
			buildSettings = {
				ALWAYS_EMBED_SWIFT_STANDARD_LIBRARIES = YES;
				BUNDLE_LOADER = "$(TEST_HOST)";
				CODE_SIGN_STYLE = Automatic;
				INFOPLIST_FILE = gitTestTests/Info.plist;
				LD_RUNPATH_SEARCH_PATHS = "$(inherited) @executable_path/Frameworks @loader_path/Frameworks";
				PRODUCT_BUNDLE_IDENTIFIER = com.bihan.ios.gitTestTests;
				PRODUCT_NAME = "$(TARGET_NAME)";
				SWIFT_VERSION = 4.0;
				TARGETED_DEVICE_FAMILY = "1,2";
				TEST_HOST = "$(BUILT_PRODUCTS_DIR)/gitTest.app/gitTest";
			};
			name = Debug;
		};
		97AD955920845CF100D9A5C1 /* Release */ = {
			isa = XCBuildConfiguration;
			buildSettings = {
				ALWAYS_EMBED_SWIFT_STANDARD_LIBRARIES = YES;
				BUNDLE_LOADER = "$(TEST_HOST)";
				CODE_SIGN_STYLE = Automatic;
				INFOPLIST_FILE = gitTestTests/Info.plist;
				LD_RUNPATH_SEARCH_PATHS = "$(inherited) @executable_path/Frameworks @loader_path/Frameworks";
				PRODUCT_BUNDLE_IDENTIFIER = com.bihan.ios.gitTestTests;
				PRODUCT_NAME = "$(TARGET_NAME)";
				SWIFT_VERSION = 4.0;
				TARGETED_DEVICE_FAMILY = "1,2";
				TEST_HOST = "$(BUILT_PRODUCTS_DIR)/gitTest.app/gitTest";
			};
			name = Release;
		};
		97AD955B20845CF100D9A5C1 /* Debug */ = {
			isa = XCBuildConfiguration;
			buildSettings = {
				ALWAYS_EMBED_SWIFT_STANDARD_LIBRARIES = YES;
				CODE_SIGN_STYLE = Automatic;
				INFOPLIST_FILE = gitTestUITests/Info.plist;
				LD_RUNPATH_SEARCH_PATHS = "$(inherited) @executable_path/Frameworks @loader_path/Frameworks";
				PRODUCT_BUNDLE_IDENTIFIER = com.bihan.ios.gitTestUITests;
				PRODUCT_NAME = "$(TARGET_NAME)";
				SWIFT_VERSION = 4.0;
				TARGETED_DEVICE_FAMILY = "1,2";
				TEST_TARGET_NAME = gitTest;
			};
			name = Debug;
		};
		97AD955C20845CF100D9A5C1 /* Release */ = {
			isa = XCBuildConfiguration;
			buildSettings = {
				ALWAYS_EMBED_SWIFT_STANDARD_LIBRARIES = YES;
				CODE_SIGN_STYLE = Automatic;
				INFOPLIST_FILE = gitTestUITests/Info.plist;
				LD_RUNPATH_SEARCH_PATHS = "$(inherited) @executable_path/Frameworks @loader_path/Frameworks";
				PRODUCT_BUNDLE_IDENTIFIER = com.bihan.ios.gitTestUITests;
				PRODUCT_NAME = "$(TARGET_NAME)";
				SWIFT_VERSION = 4.0;
				TARGETED_DEVICE_FAMILY = "1,2";
				TEST_TARGET_NAME = gitTest;
			};
			name = Release;
		};
/* End XCBuildConfiguration section */

/* Begin XCConfigurationList section */
		97AD952720845CF100D9A5C1 /* Build configuration list for PBXProject "gitTest" */ = {
			isa = XCConfigurationList;
			buildConfigurations = (
				97AD955220845CF100D9A5C1 /* Debug */,
				97AD955320845CF100D9A5C1 /* Release */,
			);
			defaultConfigurationIsVisible = 0;
			defaultConfigurationName = Release;
		};
		97AD955420845CF100D9A5C1 /* Build configuration list for PBXNativeTarget "gitTest" */ = {
			isa = XCConfigurationList;
			buildConfigurations = (
				97AD955520845CF100D9A5C1 /* Debug */,
				97AD955620845CF100D9A5C1 /* Release */,
			);
			defaultConfigurationIsVisible = 0;
			defaultConfigurationName = Release;
		};
		97AD955720845CF100D9A5C1 /* Build configuration list for PBXNativeTarget "gitTestTests" */ = {
			isa = XCConfigurationList;
			buildConfigurations = (
				97AD955820845CF100D9A5C1 /* Debug */,
				97AD955920845CF100D9A5C1 /* Release */,
			);
			defaultConfigurationIsVisible = 0;
			defaultConfigurationName = Release;
		};
		97AD955A20845CF100D9A5C1 /* Build configuration list for PBXNativeTarget "gitTestUITests" */ = {
			isa = XCConfigurationList;
			buildConfigurations = (
				97AD955B20845CF100D9A5C1 /* Debug */,
				97AD955C20845CF100D9A5C1 /* Release */,
			);
			defaultConfigurationIsVisible = 0;
			defaultConfigurationName = Release;
		};
/* End XCConfigurationList section */
	};
	rootObject = 97AD952420845CF100D9A5C1 /* Project object */;
}
